
Microsoft Visual Studio Solution File, Format Version 12.00
# Visual Studio Version 17
VisualStudioVersion = 17.13.35913.81 d17.13
MinimumVisualStudioVersion = 10.0.40219.1
Project("{888888A0-9F3D-457C-B088-3A5042F75D52}") = "3NLIDTS-PabloJimenez-02py", "3NLIDTS-PabloJimenez-02py\3NLIDTS-PabloJimenez-02py.pyproj", "{86DBFF32-E438-44F8-B31A-AD01E76129B9}"
EndProject
Global
	GlobalSection(SolutionConfigurationPlatforms) = preSolution
		Debug|Any CPU = Debug|Any CPU
		Release|Any CPU = Release|Any CPU
	EndGlobalSection
	GlobalSection(ProjectConfigurationPlatforms) = postSolution
		{86DBFF32-E438-44F8-B31A-AD01E76129B9}.Debug|Any CPU.ActiveCfg = Debug|Any CPU
		{86DBFF32-E438-44F8-B31A-AD01E76129B9}.Release|Any CPU.ActiveCfg = Release|Any CPU
	EndGlobalSection
	GlobalSection(SolutionProperties) = preSolution
		HideSolutionNode = FALSE
	EndGlobalSection
	GlobalSection(ExtensibilityGlobals) = postSolution
		SolutionGuid = {A9C56351-D7E3-4409-AE1E-25B29D9CDBBF}
	EndGlobalSection
EndGlobal
